{
  "name": "@ahmadnassri/template-lib",
  "version": "0.0.0-semantically-released",
  "lockfileVersion": 3,
  "requires": true,
  "packages": {
    "": {
      "name": "@ahmadnassri/template-lib",
      "version": "0.0.0-semantically-released",
      "license": "MIT",
      "devDependencies": {},
      "engines": {
        "node": ">=14"
      },
      "funding": {
        "type": "individual",
        "url": "https://github.com/sponsors/ahmadnassri"
      }
    }
  }
}
